
Microsoft Visual Studio Solution File, Format Version 12.00
# Visual Studio 2013
VisualStudioVersion = 12.0.40629.0
MinimumVisualStudioVersion = 10.0.40219.1
Project("{FAE04EC0-301F-11D3-BF4B-00C04F79EFBC}") = "SocketServer", "SocketServer\SocketServer.csproj", "{119EA747-1B8C-41A5-B64F-5C897A8D3D15}"
EndProject
Project("{FAE04EC0-301F-11D3-BF4B-00C04F79EFBC}") = "WebSocket_Test", "WebSocket_Test\WebSocket_Test.csproj", "{049206F2-AA76-4F4D-9F4E-919EE94BF501}"
EndProject
Project("{FAE04EC0-301F-11D3-BF4B-00C04F79EFBC}") = "AuthenticateService", "AuthenticateService\AuthenticateService.csproj", "{84A377D3-F01D-40AC-94E4-651B0DC58214}"
EndProject
Project("{FAE04EC0-301F-11D3-BF4B-00C04F79EFBC}") = "WebSocket_Net45_Test", "WebSocket_Net45_Test\WebSocket_Net45_Test.csproj", "{55E59CE4-05FD-49D9-8ACD-77303B1AA04C}"
EndProject
Project("{FAE04EC0-301F-11D3-BF4B-00C04F79EFBC}") = "LoadKeyService", "LoadKeyService\LoadKeyService.csproj", "{303FD900-0091-48F1-AFC6-1F7313030161}"
EndProject
Project("{FAE04EC0-301F-11D3-BF4B-00C04F79EFBC}") = "DB_Operate", "DB_Module\DB_Operate.csproj", "{15C31469-E46A-461A-9813-84CE6B7D166B}"
EndProject
Project("{E24C65DC-7377-472B-9ABA-BC803B73C61A}") = "ReaderShipmentWeb", "http://localhost:2887", "{E44DFB55-D09F-445F-90C9-B2667F38513B}"
	ProjectSection(WebsiteProperties) = preProject
		UseIISExpress = "true"
		TargetFrameworkMoniker = ".NETFramework,Version%3Dv4.5"
		ProjectReferences = "{a10a17cb-b0a2-4ba5-bdb8-1ac9f4698951}|ReaderShipmentWebHandler.dll;"
		Debug.AspNetCompiler.VirtualPath = "/localhost_2887"
		Debug.AspNetCompiler.PhysicalPath = "ReaderShipmentWeb\"
		Debug.AspNetCompiler.TargetPath = "PrecompiledWeb\localhost_2887\"
		Debug.AspNetCompiler.Updateable = "true"
		Debug.AspNetCompiler.ForceOverwrite = "true"
		Debug.AspNetCompiler.FixedNames = "false"
		Debug.AspNetCompiler.Debug = "True"
		Release.AspNetCompiler.VirtualPath = "/localhost_2887"
		Release.AspNetCompiler.PhysicalPath = "ReaderShipmentWeb\"
		Release.AspNetCompiler.TargetPath = "PrecompiledWeb\localhost_2887\"
		Release.AspNetCompiler.Updateable = "true"
		Release.AspNetCompiler.ForceOverwrite = "true"
		Release.AspNetCompiler.FixedNames = "false"
		Release.AspNetCompiler.Debug = "False"
		SlnRelativePath = "ReaderShipmentWeb\"
		DefaultWebSiteLanguage = "Visual C#"
	EndProjectSection
EndProject
Project("{FAE04EC0-301F-11D3-BF4B-00C04F79EFBC}") = "ReaderShipmentWebHandler", "ReaderShipmentHandler\ReaderShipmentWebHandler.csproj", "{A10A17CB-B0A2-4BA5-BDB8-1AC9F4698951}"
EndProject
Project("{FAE04EC0-301F-11D3-BF4B-00C04F79EFBC}") = "DB_Operate_UnitTest", "DB_Operate_UnitTest\DB_Operate_UnitTest.csproj", "{13A340BB-787B-4E9F-BF0D-FC69CEFA44A8}"
EndProject
Global
	GlobalSection(SolutionConfigurationPlatforms) = preSolution
		Debug|Any CPU = Debug|Any CPU
		Release|Any CPU = Release|Any CPU
	EndGlobalSection
	GlobalSection(ProjectConfigurationPlatforms) = postSolution
		{119EA747-1B8C-41A5-B64F-5C897A8D3D15}.Debug|Any CPU.ActiveCfg = Debug|Any CPU
		{119EA747-1B8C-41A5-B64F-5C897A8D3D15}.Debug|Any CPU.Build.0 = Debug|Any CPU
		{119EA747-1B8C-41A5-B64F-5C897A8D3D15}.Release|Any CPU.ActiveCfg = Release|Any CPU
		{119EA747-1B8C-41A5-B64F-5C897A8D3D15}.Release|Any CPU.Build.0 = Release|Any CPU
		{049206F2-AA76-4F4D-9F4E-919EE94BF501}.Debug|Any CPU.ActiveCfg = Debug|Any CPU
		{049206F2-AA76-4F4D-9F4E-919EE94BF501}.Debug|Any CPU.Build.0 = Debug|Any CPU
		{049206F2-AA76-4F4D-9F4E-919EE94BF501}.Release|Any CPU.ActiveCfg = Release|Any CPU
		{049206F2-AA76-4F4D-9F4E-919EE94BF501}.Release|Any CPU.Build.0 = Release|Any CPU
		{84A377D3-F01D-40AC-94E4-651B0DC58214}.Debug|Any CPU.ActiveCfg = Debug|Any CPU
		{84A377D3-F01D-40AC-94E4-651B0DC58214}.Debug|Any CPU.Build.0 = Debug|Any CPU
		{84A377D3-F01D-40AC-94E4-651B0DC58214}.Release|Any CPU.ActiveCfg = Release|Any CPU
		{84A377D3-F01D-40AC-94E4-651B0DC58214}.Release|Any CPU.Build.0 = Release|Any CPU
		{55E59CE4-05FD-49D9-8ACD-77303B1AA04C}.Debug|Any CPU.ActiveCfg = Debug|Any CPU
		{55E59CE4-05FD-49D9-8ACD-77303B1AA04C}.Debug|Any CPU.Build.0 = Debug|Any CPU
		{55E59CE4-05FD-49D9-8ACD-77303B1AA04C}.Release|Any CPU.ActiveCfg = Release|Any CPU
		{55E59CE4-05FD-49D9-8ACD-77303B1AA04C}.Release|Any CPU.Build.0 = Release|Any CPU
		{303FD900-0091-48F1-AFC6-1F7313030161}.Debug|Any CPU.ActiveCfg = Debug|Any CPU
		{303FD900-0091-48F1-AFC6-1F7313030161}.Debug|Any CPU.Build.0 = Debug|Any CPU
		{303FD900-0091-48F1-AFC6-1F7313030161}.Release|Any CPU.ActiveCfg = Release|Any CPU
		{303FD900-0091-48F1-AFC6-1F7313030161}.Release|Any CPU.Build.0 = Release|Any CPU
		{15C31469-E46A-461A-9813-84CE6B7D166B}.Debug|Any CPU.ActiveCfg = Debug|Any CPU
		{15C31469-E46A-461A-9813-84CE6B7D166B}.Debug|Any CPU.Build.0 = Debug|Any CPU
		{15C31469-E46A-461A-9813-84CE6B7D166B}.Release|Any CPU.ActiveCfg = Release|Any CPU
		{15C31469-E46A-461A-9813-84CE6B7D166B}.Release|Any CPU.Build.0 = Release|Any CPU
		{E44DFB55-D09F-445F-90C9-B2667F38513B}.Debug|Any CPU.ActiveCfg = Debug|Any CPU
		{E44DFB55-D09F-445F-90C9-B2667F38513B}.Debug|Any CPU.Build.0 = Debug|Any CPU
		{E44DFB55-D09F-445F-90C9-B2667F38513B}.Release|Any CPU.ActiveCfg = Debug|Any CPU
		{E44DFB55-D09F-445F-90C9-B2667F38513B}.Release|Any CPU.Build.0 = Debug|Any CPU
		{A10A17CB-B0A2-4BA5-BDB8-1AC9F4698951}.Debug|Any CPU.ActiveCfg = Debug|Any CPU
		{A10A17CB-B0A2-4BA5-BDB8-1AC9F4698951}.Debug|Any CPU.Build.0 = Debug|Any CPU
		{A10A17CB-B0A2-4BA5-BDB8-1AC9F4698951}.Release|Any CPU.ActiveCfg = Release|Any CPU
		{A10A17CB-B0A2-4BA5-BDB8-1AC9F4698951}.Release|Any CPU.Build.0 = Release|Any CPU
		{13A340BB-787B-4E9F-BF0D-FC69CEFA44A8}.Debug|Any CPU.ActiveCfg = Debug|Any CPU
		{13A340BB-787B-4E9F-BF0D-FC69CEFA44A8}.Debug|Any CPU.Build.0 = Debug|Any CPU
		{13A340BB-787B-4E9F-BF0D-FC69CEFA44A8}.Release|Any CPU.ActiveCfg = Release|Any CPU
		{13A340BB-787B-4E9F-BF0D-FC69CEFA44A8}.Release|Any CPU.Build.0 = Release|Any CPU
	EndGlobalSection
	GlobalSection(SolutionProperties) = preSolution
		HideSolutionNode = FALSE
	EndGlobalSection
EndGlobal
